
Microsoft Visual Studio Solution File, Format Version 12.00
# Visual Studio Version 17
VisualStudioVersion = 17.1.32421.90
MinimumVisualStudioVersion = 10.0.40219.1
Project("{2150E333-8FDC-42A3-9474-1A3956D46DE8}") = "src", "src", "{DC3EABD7-78C2-4495-8AE3-9EE7BA69BFCC}"
EndProject
Project("{2150E333-8FDC-42A3-9474-1A3956D46DE8}") = "Tests", "Tests", "{457E8F18-8C3A-4360-A507-4672F34F39AC}"
EndProject
Project("{2150E333-8FDC-42A3-9474-1A3956D46DE8}") = "API", "API", "{82E6EA49-E1DD-41AE-978C-EE4B85132C1D}"
EndProject
Project("{2150E333-8FDC-42A3-9474-1A3956D46DE8}") = "Core", "Core", "{9C204655-9B5B-4EBE-9AF0-35C839E4A70E}"
EndProject
Project("{2150E333-8FDC-42A3-9474-1A3956D46DE8}") = "Infrastructure", "Infrastructure", "{4F47D899-B4DC-43DD-BC65-055A0126F578}"
EndProject
Project("{9A19103F-16F7-4668-BE54-9A1E7A4F7556}") = "LivrosAPI.Domain", "LivrosAPI.Domain\LivrosAPI.Domain.csproj", "{EE94EE0A-260D-4E15-959A-8463231C5A03}"
EndProject
Project("{9A19103F-16F7-4668-BE54-9A1E7A4F7556}") = "LivrosAPI.Application", "LivrosAPI.Application\LivrosAPI.Application.csproj", "{3697403B-1B31-4EFC-A75D-2604846017F9}"
EndProject
Project("{9A19103F-16F7-4668-BE54-9A1E7A4F7556}") = "LivrosAPI.API", "LivrosAPI.API\LivrosAPI.API.csproj", "{A9DF21AE-0AD1-431C-A95A-BA1E9B216D58}"
EndProject
Project("{9A19103F-16F7-4668-BE54-9A1E7A4F7556}") = "LivrosAPI.Persistence", "LivrosAPI.Persistence\LivrosAPI.Persistence.csproj", "{5EC9BCC7-3DD4-4865-A96D-7960CD5A70CC}"
EndProject
Project("{9A19103F-16F7-4668-BE54-9A1E7A4F7556}") = "LivrosAPI.Identity", "LivrosAPI.Identity\LivrosAPI.Identity.csproj", "{41B2B958-BE30-4FF4-AFBA-4C8B50D399B5}"
EndProject
Project("{9A19103F-16F7-4668-BE54-9A1E7A4F7556}") = "LivrosAPI.Infrastructure", "LivrosAPI.Infrastructure\LivrosAPI.Infrastructure.csproj", "{2A2B0041-3EB1-4B06-AB66-13C52D01BA37}"
EndProject
Project("{2150E333-8FDC-42A3-9474-1A3956D46DE8}") = "Database", "Database", "{21A64F11-8D16-4752-90EC-99990B66CF73}"
EndProject
Project("{00D1A9C2-B5F0-4AF3-8072-F6C62B433612}") = "LivrosAPI.DB", "LivrosAPI.DB\LivrosAPI.DB.sqlproj", "{527C4A75-685B-486C-8526-A005B44D44F5}"
EndProject
Project("{FAE04EC0-301F-11D3-BF4B-00C04F79EFBC}") = "LivrosAPI.Tests", "LivrosAPI.Tests\LivrosAPI.Tests.csproj", "{6E7F2BF1-11F3-4FD4-ABCE-62EC7515681B}"
EndProject
Global
	GlobalSection(SolutionConfigurationPlatforms) = preSolution
		Debug|Any CPU = Debug|Any CPU
		Release|Any CPU = Release|Any CPU
	EndGlobalSection
	GlobalSection(ProjectConfigurationPlatforms) = postSolution
		{EE94EE0A-260D-4E15-959A-8463231C5A03}.Debug|Any CPU.ActiveCfg = Debug|Any CPU
		{EE94EE0A-260D-4E15-959A-8463231C5A03}.Debug|Any CPU.Build.0 = Debug|Any CPU
		{EE94EE0A-260D-4E15-959A-8463231C5A03}.Release|Any CPU.ActiveCfg = Release|Any CPU
		{EE94EE0A-260D-4E15-959A-8463231C5A03}.Release|Any CPU.Build.0 = Release|Any CPU
		{3697403B-1B31-4EFC-A75D-2604846017F9}.Debug|Any CPU.ActiveCfg = Debug|Any CPU
		{3697403B-1B31-4EFC-A75D-2604846017F9}.Debug|Any CPU.Build.0 = Debug|Any CPU
		{3697403B-1B31-4EFC-A75D-2604846017F9}.Release|Any CPU.ActiveCfg = Release|Any CPU
		{3697403B-1B31-4EFC-A75D-2604846017F9}.Release|Any CPU.Build.0 = Release|Any CPU
		{A9DF21AE-0AD1-431C-A95A-BA1E9B216D58}.Debug|Any CPU.ActiveCfg = Debug|Any CPU
		{A9DF21AE-0AD1-431C-A95A-BA1E9B216D58}.Debug|Any CPU.Build.0 = Debug|Any CPU
		{A9DF21AE-0AD1-431C-A95A-BA1E9B216D58}.Release|Any CPU.ActiveCfg = Release|Any CPU
		{A9DF21AE-0AD1-431C-A95A-BA1E9B216D58}.Release|Any CPU.Build.0 = Release|Any CPU
		{5EC9BCC7-3DD4-4865-A96D-7960CD5A70CC}.Debug|Any CPU.ActiveCfg = Debug|Any CPU
		{5EC9BCC7-3DD4-4865-A96D-7960CD5A70CC}.Debug|Any CPU.Build.0 = Debug|Any CPU
		{5EC9BCC7-3DD4-4865-A96D-7960CD5A70CC}.Release|Any CPU.ActiveCfg = Release|Any CPU
		{5EC9BCC7-3DD4-4865-A96D-7960CD5A70CC}.Release|Any CPU.Build.0 = Release|Any CPU
		{41B2B958-BE30-4FF4-AFBA-4C8B50D399B5}.Debug|Any CPU.ActiveCfg = Debug|Any CPU
		{41B2B958-BE30-4FF4-AFBA-4C8B50D399B5}.Debug|Any CPU.Build.0 = Debug|Any CPU
		{41B2B958-BE30-4FF4-AFBA-4C8B50D399B5}.Release|Any CPU.ActiveCfg = Release|Any CPU
		{41B2B958-BE30-4FF4-AFBA-4C8B50D399B5}.Release|Any CPU.Build.0 = Release|Any CPU
		{2A2B0041-3EB1-4B06-AB66-13C52D01BA37}.Debug|Any CPU.ActiveCfg = Debug|Any CPU
		{2A2B0041-3EB1-4B06-AB66-13C52D01BA37}.Debug|Any CPU.Build.0 = Debug|Any CPU
		{2A2B0041-3EB1-4B06-AB66-13C52D01BA37}.Release|Any CPU.ActiveCfg = Release|Any CPU
		{2A2B0041-3EB1-4B06-AB66-13C52D01BA37}.Release|Any CPU.Build.0 = Release|Any CPU
		{527C4A75-685B-486C-8526-A005B44D44F5}.Debug|Any CPU.ActiveCfg = Debug|Any CPU
		{527C4A75-685B-486C-8526-A005B44D44F5}.Debug|Any CPU.Build.0 = Debug|Any CPU
		{527C4A75-685B-486C-8526-A005B44D44F5}.Debug|Any CPU.Deploy.0 = Debug|Any CPU
		{527C4A75-685B-486C-8526-A005B44D44F5}.Release|Any CPU.ActiveCfg = Release|Any CPU
		{527C4A75-685B-486C-8526-A005B44D44F5}.Release|Any CPU.Build.0 = Release|Any CPU
		{527C4A75-685B-486C-8526-A005B44D44F5}.Release|Any CPU.Deploy.0 = Release|Any CPU
		{6E7F2BF1-11F3-4FD4-ABCE-62EC7515681B}.Debug|Any CPU.ActiveCfg = Debug|Any CPU
		{6E7F2BF1-11F3-4FD4-ABCE-62EC7515681B}.Debug|Any CPU.Build.0 = Debug|Any CPU
		{6E7F2BF1-11F3-4FD4-ABCE-62EC7515681B}.Release|Any CPU.ActiveCfg = Release|Any CPU
		{6E7F2BF1-11F3-4FD4-ABCE-62EC7515681B}.Release|Any CPU.Build.0 = Release|Any CPU
	EndGlobalSection
	GlobalSection(SolutionProperties) = preSolution
		HideSolutionNode = FALSE
	EndGlobalSection
	GlobalSection(NestedProjects) = preSolution
		{82E6EA49-E1DD-41AE-978C-EE4B85132C1D} = {DC3EABD7-78C2-4495-8AE3-9EE7BA69BFCC}
		{9C204655-9B5B-4EBE-9AF0-35C839E4A70E} = {DC3EABD7-78C2-4495-8AE3-9EE7BA69BFCC}
		{4F47D899-B4DC-43DD-BC65-055A0126F578} = {DC3EABD7-78C2-4495-8AE3-9EE7BA69BFCC}
		{EE94EE0A-260D-4E15-959A-8463231C5A03} = {9C204655-9B5B-4EBE-9AF0-35C839E4A70E}
		{3697403B-1B31-4EFC-A75D-2604846017F9} = {9C204655-9B5B-4EBE-9AF0-35C839E4A70E}
		{A9DF21AE-0AD1-431C-A95A-BA1E9B216D58} = {82E6EA49-E1DD-41AE-978C-EE4B85132C1D}
		{5EC9BCC7-3DD4-4865-A96D-7960CD5A70CC} = {4F47D899-B4DC-43DD-BC65-055A0126F578}
		{41B2B958-BE30-4FF4-AFBA-4C8B50D399B5} = {4F47D899-B4DC-43DD-BC65-055A0126F578}
		{2A2B0041-3EB1-4B06-AB66-13C52D01BA37} = {4F47D899-B4DC-43DD-BC65-055A0126F578}
		{21A64F11-8D16-4752-90EC-99990B66CF73} = {DC3EABD7-78C2-4495-8AE3-9EE7BA69BFCC}
		{527C4A75-685B-486C-8526-A005B44D44F5} = {21A64F11-8D16-4752-90EC-99990B66CF73}
		{6E7F2BF1-11F3-4FD4-ABCE-62EC7515681B} = {457E8F18-8C3A-4360-A507-4672F34F39AC}
	EndGlobalSection
	GlobalSection(ExtensibilityGlobals) = postSolution
		SolutionGuid = {F91CB02C-F839-4C5D-9E91-DAE9FCC04D72}
	EndGlobalSection
EndGlobal
